
Microsoft Visual Studio Solution File, Format Version 12.00
# Visual Studio Version 17
VisualStudioVersion = 17.2.32630.192
MinimumVisualStudioVersion = 10.0.40219.1
Project("{9A19103F-16F7-4668-BE54-9A1E7A4F7556}") = "R5T.T0175.Construction", "R5T.T0175.Construction\R5T.T0175.Construction.csproj", "{A72DAD70-0C2E-4254-99FA-13036412346E}"
EndProject
Project("{9A19103F-16F7-4668-BE54-9A1E7A4F7556}") = "R5T.T0175", "R5T.T0175\R5T.T0175.csproj", "{4FC870D8-1B63-4A63-83B9-67403D6278AB}"
EndProject
Project("{2150E333-8FDC-42A3-9474-1A3956D46DE8}") = "_Dependencies", "_Dependencies", "{DB418E56-7154-4FAF-8D80-C507341FDB41}"
EndProject
Project("{9A19103F-16F7-4668-BE54-9A1E7A4F7556}") = "R5T.T0143", "..\..\R5T.T0143\source\R5T.T0143\R5T.T0143.csproj", "{8F79FDB0-9003-45DC-BC2B-AE4DFA7489BE}"
EndProject
Project("{9A19103F-16F7-4668-BE54-9A1E7A4F7556}") = "R5T.T0150", "..\..\R5T.T0150\source\R5T.T0150\R5T.T0150.csproj", "{96207DD9-9C9C-48E9-BF89-FA827AB1B5C7}"
EndProject
Project("{9A19103F-16F7-4668-BE54-9A1E7A4F7556}") = "R5T.T0151", "..\..\R5T.T0151\source\R5T.T0151\R5T.T0151.csproj", "{8BCC335B-2FBF-44B8-8D8D-DDB114B871ED}"
EndProject
Global
	GlobalSection(NestedProjects) = preSolution
		{8F79FDB0-9003-45DC-BC2B-AE4DFA7489BE} = {DB418E56-7154-4FAF-8D80-C507341FDB41}
		{96207DD9-9C9C-48E9-BF89-FA827AB1B5C7} = {DB418E56-7154-4FAF-8D80-C507341FDB41}
		{8BCC335B-2FBF-44B8-8D8D-DDB114B871ED} = {DB418E56-7154-4FAF-8D80-C507341FDB41}
	EndGlobalSection
	GlobalSection(SolutionConfigurationPlatforms) = preSolution
		Debug|Any CPU = Debug|Any CPU
		Release|Any CPU = Release|Any CPU
	EndGlobalSection
	GlobalSection(ProjectConfigurationPlatforms) = postSolution
		{A72DAD70-0C2E-4254-99FA-13036412346E}.Debug|Any CPU.ActiveCfg = Debug|Any CPU
		{A72DAD70-0C2E-4254-99FA-13036412346E}.Debug|Any CPU.Build.0 = Debug|Any CPU
		{A72DAD70-0C2E-4254-99FA-13036412346E}.Release|Any CPU.ActiveCfg = Release|Any CPU
		{A72DAD70-0C2E-4254-99FA-13036412346E}.Release|Any CPU.Build.0 = Release|Any CPU
		{4FC870D8-1B63-4A63-83B9-67403D6278AB}.Debug|Any CPU.ActiveCfg = Debug|Any CPU
		{4FC870D8-1B63-4A63-83B9-67403D6278AB}.Debug|Any CPU.Build.0 = Debug|Any CPU
		{4FC870D8-1B63-4A63-83B9-67403D6278AB}.Release|Any CPU.ActiveCfg = Release|Any CPU
		{4FC870D8-1B63-4A63-83B9-67403D6278AB}.Release|Any CPU.Build.0 = Release|Any CPU
		{8F79FDB0-9003-45DC-BC2B-AE4DFA7489BE}.Debug|Any CPU.ActiveCfg = Debug|Any CPU
		{8F79FDB0-9003-45DC-BC2B-AE4DFA7489BE}.Debug|Any CPU.Build.0 = Debug|Any CPU
		{8F79FDB0-9003-45DC-BC2B-AE4DFA7489BE}.Release|Any CPU.ActiveCfg = Release|Any CPU
		{8F79FDB0-9003-45DC-BC2B-AE4DFA7489BE}.Release|Any CPU.Build.0 = Release|Any CPU
		{96207DD9-9C9C-48E9-BF89-FA827AB1B5C7}.Debug|Any CPU.ActiveCfg = Debug|Any CPU
		{96207DD9-9C9C-48E9-BF89-FA827AB1B5C7}.Debug|Any CPU.Build.0 = Debug|Any CPU
		{96207DD9-9C9C-48E9-BF89-FA827AB1B5C7}.Release|Any CPU.ActiveCfg = Release|Any CPU
		{96207DD9-9C9C-48E9-BF89-FA827AB1B5C7}.Release|Any CPU.Build.0 = Release|Any CPU
		{8BCC335B-2FBF-44B8-8D8D-DDB114B871ED}.Debug|Any CPU.ActiveCfg = Debug|Any CPU
		{8BCC335B-2FBF-44B8-8D8D-DDB114B871ED}.Debug|Any CPU.Build.0 = Debug|Any CPU
		{8BCC335B-2FBF-44B8-8D8D-DDB114B871ED}.Release|Any CPU.ActiveCfg = Release|Any CPU
		{8BCC335B-2FBF-44B8-8D8D-DDB114B871ED}.Release|Any CPU.Build.0 = Release|Any CPU
	EndGlobalSection
	GlobalSection(SolutionProperties) = preSolution
		HideSolutionNode = FALSE
	EndGlobalSection
	GlobalSection(ExtensibilityGlobals) = postSolution
		SolutionGuid = {596B78AC-1450-49CB-899D-788F44F72B5D}
	EndGlobalSection
EndGlobal
