
Microsoft Visual Studio Solution File, Format Version 12.00
# Visual Studio Version 17
VisualStudioVersion = 17.2.32630.192
MinimumVisualStudioVersion = 10.0.40219.1
Project("{9A19103F-16F7-4668-BE54-9A1E7A4F7556}") = "R5T.T0175", "R5T.T0175\R5T.T0175.csproj", "{0A2EA2F7-4E97-45F9-BD13-654DE6EFD131}"
EndProject
Project("{2150E333-8FDC-42A3-9474-1A3956D46DE8}") = "_Dependencies", "_Dependencies", "{234D37F4-14E1-41C4-A48A-8A2459B5B0EA}"
EndProject
Project("{9A19103F-16F7-4668-BE54-9A1E7A4F7556}") = "R5T.T0143", "..\..\R5T.T0143\source\R5T.T0143\R5T.T0143.csproj", "{DD38A1AD-ACB1-494E-A3B8-6D8CDCC866EF}"
EndProject
Project("{9A19103F-16F7-4668-BE54-9A1E7A4F7556}") = "R5T.T0150", "..\..\R5T.T0150\source\R5T.T0150\R5T.T0150.csproj", "{8650F527-9FE9-489A-9244-8ADD90AC85FB}"
EndProject
Project("{9A19103F-16F7-4668-BE54-9A1E7A4F7556}") = "R5T.T0151", "..\..\R5T.T0151\source\R5T.T0151\R5T.T0151.csproj", "{91F53368-61DE-44DC-9289-B73137E345B6}"
EndProject
Global
	GlobalSection(NestedProjects) = preSolution
		{DD38A1AD-ACB1-494E-A3B8-6D8CDCC866EF} = {234D37F4-14E1-41C4-A48A-8A2459B5B0EA}
		{8650F527-9FE9-489A-9244-8ADD90AC85FB} = {234D37F4-14E1-41C4-A48A-8A2459B5B0EA}
		{91F53368-61DE-44DC-9289-B73137E345B6} = {234D37F4-14E1-41C4-A48A-8A2459B5B0EA}
	EndGlobalSection
	GlobalSection(SolutionConfigurationPlatforms) = preSolution
		Debug|Any CPU = Debug|Any CPU
		Release|Any CPU = Release|Any CPU
	EndGlobalSection
	GlobalSection(ProjectConfigurationPlatforms) = postSolution
		{0A2EA2F7-4E97-45F9-BD13-654DE6EFD131}.Debug|Any CPU.ActiveCfg = Debug|Any CPU
		{0A2EA2F7-4E97-45F9-BD13-654DE6EFD131}.Debug|Any CPU.Build.0 = Debug|Any CPU
		{0A2EA2F7-4E97-45F9-BD13-654DE6EFD131}.Release|Any CPU.ActiveCfg = Release|Any CPU
		{0A2EA2F7-4E97-45F9-BD13-654DE6EFD131}.Release|Any CPU.Build.0 = Release|Any CPU
		{DD38A1AD-ACB1-494E-A3B8-6D8CDCC866EF}.Debug|Any CPU.ActiveCfg = Debug|Any CPU
		{DD38A1AD-ACB1-494E-A3B8-6D8CDCC866EF}.Debug|Any CPU.Build.0 = Debug|Any CPU
		{DD38A1AD-ACB1-494E-A3B8-6D8CDCC866EF}.Release|Any CPU.ActiveCfg = Release|Any CPU
		{DD38A1AD-ACB1-494E-A3B8-6D8CDCC866EF}.Release|Any CPU.Build.0 = Release|Any CPU
		{8650F527-9FE9-489A-9244-8ADD90AC85FB}.Debug|Any CPU.ActiveCfg = Debug|Any CPU
		{8650F527-9FE9-489A-9244-8ADD90AC85FB}.Debug|Any CPU.Build.0 = Debug|Any CPU
		{8650F527-9FE9-489A-9244-8ADD90AC85FB}.Release|Any CPU.ActiveCfg = Release|Any CPU
		{8650F527-9FE9-489A-9244-8ADD90AC85FB}.Release|Any CPU.Build.0 = Release|Any CPU
		{91F53368-61DE-44DC-9289-B73137E345B6}.Debug|Any CPU.ActiveCfg = Debug|Any CPU
		{91F53368-61DE-44DC-9289-B73137E345B6}.Debug|Any CPU.Build.0 = Debug|Any CPU
		{91F53368-61DE-44DC-9289-B73137E345B6}.Release|Any CPU.ActiveCfg = Release|Any CPU
		{91F53368-61DE-44DC-9289-B73137E345B6}.Release|Any CPU.Build.0 = Release|Any CPU
	EndGlobalSection
	GlobalSection(SolutionProperties) = preSolution
		HideSolutionNode = FALSE
	EndGlobalSection
	GlobalSection(ExtensibilityGlobals) = postSolution
		SolutionGuid = {0CC3D237-D5E8-4BD2-9AC7-3069B4BE45B6}
	EndGlobalSection
EndGlobal
